PODS:
  - FeedMedia (3.0.3):
    - FeedMedia/UI (= 3.0.3)
  - FeedMedia/UI (3.0.3):
    - MarqueeLabel (~> 2.7.10)
  - MarqueeLabel (2.7.10):
    - MarqueeLabel/ObjC (= 2.7.10)
  - MarqueeLabel/ObjC (2.7.10)
  - SDWebImage (3.8.2):
    - SDWebImage/Core (= 3.8.2)
  - SDWebImage/Core (3.8.2)

DEPENDENCIES:
  - FeedMedia (~> 3.0.0)
  - SDWebImage (~> 3.8)

SPEC CHECKSUMS:
  FeedMedia: 9bc5408ebc998cd6929114c9c38e55b3a98f8fd6
  MarqueeLabel: 5d722a0bef353178feb301130621b9b8e8b3fcb5
  SDWebImage: 098e97e6176540799c27e804c96653ee0833d13c

PODFILE CHECKSUM: feb15de29eb2d3bf758e95588d848c3a788f32ee

COCOAPODS: 1.1.0.rc.2
