PODS:
  - FeedMedia (4.0.3):
    - FeedMedia/UI (= 4.0.3)
  - FeedMedia/UI (4.0.3):
    - MarqueeLabel (~> 3.0.3)
  - MarqueeLabel (3.0.5):
    - MarqueeLabel/ObjC (= 3.0.5)
  - MarqueeLabel/ObjC (3.0.5)
  - SDWebImage (3.8.2):
    - SDWebImage/Core (= 3.8.2)
  - SDWebImage/Core (3.8.2)

DEPENDENCIES:
  - FeedMedia (~> 4.0.3)
  - SDWebImage (~> 3.8)

SPEC CHECKSUMS:
  FeedMedia: 07c73aeeb9d8c3125c001407eb7fc6933f836a39
  MarqueeLabel: 8a25b2cf02cf52165022f01369e63536c58fcc00
  SDWebImage: 098e97e6176540799c27e804c96653ee0833d13c

PODFILE CHECKSUM: 0e958448b5e8094f93a2e6a23911177b4a43ee5f

COCOAPODS: 1.2.0
